
Microsoft Visual Studio Solution File, Format Version 12.00
# Visual Studio 15
Project("{FAE04EC0-301F-11D3-BF4B-00C04F79EFBC}") = "Assembly-CSharp", "Assembly-CSharp.csproj", "{6CD5D1D4-46A1-C624-27BE-CA9D3805C14E}"
EndProject
Global
	GlobalSection(SolutionConfigurationPlatforms) = preSolution
		Debug|Any CPU = Debug|Any CPU
		Release|Any CPU = Release|Any CPU
	EndGlobalSection
	GlobalSection(ProjectConfigurationPlatforms) = postSolution
		{6CD5D1D4-46A1-C624-27BE-CA9D3805C14E}.Debug|Any CPU.ActiveCfg = Debug|Any CPU
		{6CD5D1D4-46A1-C624-27BE-CA9D3805C14E}.Debug|Any CPU.Build.0 = Debug|Any CPU
		{6CD5D1D4-46A1-C624-27BE-CA9D3805C14E}.Release|Any CPU.ActiveCfg = Release|Any CPU
		{6CD5D1D4-46A1-C624-27BE-CA9D3805C14E}.Release|Any CPU.Build.0 = Release|Any CPU
	EndGlobalSection
	GlobalSection(SolutionProperties) = preSolution
		HideSolutionNode = FALSE
	EndGlobalSection
EndGlobal
