
Microsoft Visual Studio Solution File, Format Version 12.00
# Visual Studio Version 17
VisualStudioVersion = 17.14.36203.30 d17.14
MinimumVisualStudioVersion = 10.0.40219.1
Project("{FAE04EC0-301F-11D3-BF4B-00C04F79EFBC}") = "Practice", "Practice.csproj", "{66BEA27F-990E-4E4F-AF02-0B31A56B26CC}"
EndProject
Global
	GlobalSection(SolutionConfigurationPlatforms) = preSolution
		Debug|Any CPU = Debug|Any CPU
		Release|Any CPU = Release|Any CPU
	EndGlobalSection
	GlobalSection(ProjectConfigurationPlatforms) = postSolution
		{66BEA27F-990E-4E4F-AF02-0B31A56B26CC}.Debug|Any CPU.ActiveCfg = Debug|Any CPU
		{66BEA27F-990E-4E4F-AF02-0B31A56B26CC}.Debug|Any CPU.Build.0 = Debug|Any CPU
		{66BEA27F-990E-4E4F-AF02-0B31A56B26CC}.Release|Any CPU.ActiveCfg = Release|Any CPU
		{66BEA27F-990E-4E4F-AF02-0B31A56B26CC}.Release|Any CPU.Build.0 = Release|Any CPU
	EndGlobalSection
	GlobalSection(SolutionProperties) = preSolution
		HideSolutionNode = FALSE
	EndGlobalSection
	GlobalSection(ExtensibilityGlobals) = postSolution
		SolutionGuid = {1DE6B780-06BD-4380-8F55-56E9B6A45524}
	EndGlobalSection
EndGlobal
