
Microsoft Visual Studio Solution File, Format Version 12.00
# Visual Studio 15
Project("{FAE04EC0-301F-11D3-BF4B-00C04F79EFBC}") = "Assembly-CSharp", "Assembly-CSharp.csproj", "{A8D28537-9FAC-9AF3-4BEF-706D61C2777F}"
EndProject
Project("{FAE04EC0-301F-11D3-BF4B-00C04F79EFBC}") = "Assembly-CSharp-Editor", "Assembly-CSharp-Editor.csproj", "{A024E8A4-CB93-A627-7EB0-E7703D3EE4A9}"
EndProject
Project("{FAE04EC0-301F-11D3-BF4B-00C04F79EFBC}") = "Unity.StarterAssets.Editor", "Unity.StarterAssets.Editor.csproj", "{45D21CBE-AED5-AC5D-0AC7-0197C5C36D33}"
EndProject
Project("{FAE04EC0-301F-11D3-BF4B-00C04F79EFBC}") = "Unity.StarterAssets", "Unity.StarterAssets.csproj", "{74A8C012-C4BC-971B-CF13-B9FC630A13AF}"
EndProject
Project("{FAE04EC0-301F-11D3-BF4B-00C04F79EFBC}") = "URPWizard", "URPWizard.csproj", "{4DF9155E-E0F3-6B69-9F45-61B49CE197D0}"
EndProject
Global
	GlobalSection(SolutionConfigurationPlatforms) = preSolution
		Debug|Any CPU = Debug|Any CPU
		Release|Any CPU = Release|Any CPU
	EndGlobalSection
	GlobalSection(ProjectConfigurationPlatforms) = postSolution
		{A8D28537-9FAC-9AF3-4BEF-706D61C2777F}.Debug|Any CPU.ActiveCfg = Debug|Any CPU
		{A8D28537-9FAC-9AF3-4BEF-706D61C2777F}.Debug|Any CPU.Build.0 = Debug|Any CPU
		{A8D28537-9FAC-9AF3-4BEF-706D61C2777F}.Release|Any CPU.ActiveCfg = Release|Any CPU
		{A8D28537-9FAC-9AF3-4BEF-706D61C2777F}.Release|Any CPU.Build.0 = Release|Any CPU
		{A024E8A4-CB93-A627-7EB0-E7703D3EE4A9}.Debug|Any CPU.ActiveCfg = Debug|Any CPU
		{A024E8A4-CB93-A627-7EB0-E7703D3EE4A9}.Debug|Any CPU.Build.0 = Debug|Any CPU
		{A024E8A4-CB93-A627-7EB0-E7703D3EE4A9}.Release|Any CPU.ActiveCfg = Release|Any CPU
		{A024E8A4-CB93-A627-7EB0-E7703D3EE4A9}.Release|Any CPU.Build.0 = Release|Any CPU
		{45D21CBE-AED5-AC5D-0AC7-0197C5C36D33}.Debug|Any CPU.ActiveCfg = Debug|Any CPU
		{45D21CBE-AED5-AC5D-0AC7-0197C5C36D33}.Debug|Any CPU.Build.0 = Debug|Any CPU
		{45D21CBE-AED5-AC5D-0AC7-0197C5C36D33}.Release|Any CPU.ActiveCfg = Release|Any CPU
		{45D21CBE-AED5-AC5D-0AC7-0197C5C36D33}.Release|Any CPU.Build.0 = Release|Any CPU
		{74A8C012-C4BC-971B-CF13-B9FC630A13AF}.Debug|Any CPU.ActiveCfg = Debug|Any CPU
		{74A8C012-C4BC-971B-CF13-B9FC630A13AF}.Debug|Any CPU.Build.0 = Debug|Any CPU
		{74A8C012-C4BC-971B-CF13-B9FC630A13AF}.Release|Any CPU.ActiveCfg = Release|Any CPU
		{74A8C012-C4BC-971B-CF13-B9FC630A13AF}.Release|Any CPU.Build.0 = Release|Any CPU
		{4DF9155E-E0F3-6B69-9F45-61B49CE197D0}.Debug|Any CPU.ActiveCfg = Debug|Any CPU
		{4DF9155E-E0F3-6B69-9F45-61B49CE197D0}.Debug|Any CPU.Build.0 = Debug|Any CPU
		{4DF9155E-E0F3-6B69-9F45-61B49CE197D0}.Release|Any CPU.ActiveCfg = Release|Any CPU
		{4DF9155E-E0F3-6B69-9F45-61B49CE197D0}.Release|Any CPU.Build.0 = Release|Any CPU
	EndGlobalSection
	GlobalSection(SolutionProperties) = preSolution
		HideSolutionNode = FALSE
	EndGlobalSection
EndGlobal
