
Microsoft Visual Studio Solution File, Format Version 12.00
# Visual Studio Version 17
VisualStudioVersion = 17.14.36203.30 d17.14
MinimumVisualStudioVersion = 10.0.40219.1
Project("{FAE04EC0-301F-11D3-BF4B-00C04F79EFBC}") = "Practice2", "Practice2.csproj", "{4C6C2EBD-13BF-4198-BC16-306F7C66721A}"
EndProject
Global
	GlobalSection(SolutionConfigurationPlatforms) = preSolution
		Debug|Any CPU = Debug|Any CPU
		Release|Any CPU = Release|Any CPU
	EndGlobalSection
	GlobalSection(ProjectConfigurationPlatforms) = postSolution
		{4C6C2EBD-13BF-4198-BC16-306F7C66721A}.Debug|Any CPU.ActiveCfg = Debug|Any CPU
		{4C6C2EBD-13BF-4198-BC16-306F7C66721A}.Debug|Any CPU.Build.0 = Debug|Any CPU
		{4C6C2EBD-13BF-4198-BC16-306F7C66721A}.Release|Any CPU.ActiveCfg = Release|Any CPU
		{4C6C2EBD-13BF-4198-BC16-306F7C66721A}.Release|Any CPU.Build.0 = Release|Any CPU
	EndGlobalSection
	GlobalSection(SolutionProperties) = preSolution
		HideSolutionNode = FALSE
	EndGlobalSection
	GlobalSection(ExtensibilityGlobals) = postSolution
		SolutionGuid = {EFA4520A-813A-46AE-B0C2-8B877BE249A8}
	EndGlobalSection
EndGlobal
